
Microsoft Visual Studio Solution File, Format Version 12.00
# Visual Studio Version 17
VisualStudioVersion = 17.10.34928.147
MinimumVisualStudioVersion = 10.0.40219.1
Project("{9A19103F-16F7-4668-BE54-9A1E7A4F7556}") = "OcelotGateway", "OcelotGateway\OcelotGateway.csproj", "{BF5B1BEA-A9FA-4342-85F2-62A02156EC25}"
EndProject
Project("{9A19103F-16F7-4668-BE54-9A1E7A4F7556}") = "WebAPI.Cart", "WebAPI.Cart\WebAPI.Cart.csproj", "{7FD85E54-142E-482F-9945-E736A7441A02}"
EndProject
Project("{9A19103F-16F7-4668-BE54-9A1E7A4F7556}") = "WebAPI.Product", "WebAPI.Product\WebAPI.Product.csproj", "{885AF77B-2E10-4512-89E9-70DCE2FC78CC}"
EndProject
Project("{FAE04EC0-301F-11D3-BF4B-00C04F79EFBC}") = "WebAPI.Authen", "WebAPI.Authen\WebAPI.Authen.csproj", "{42BD3693-C310-4353-9C59-360B29B63922}"
EndProject
Project("{FAE04EC0-301F-11D3-BF4B-00C04F79EFBC}") = "WebAPI.Private", "WebAPI.Private\WebAPI.Private.csproj", "{9602DBD1-881D-4EEC-ADBF-ABC006861CF5}"
EndProject
Global
	GlobalSection(SolutionConfigurationPlatforms) = preSolution
		Debug|Any CPU = Debug|Any CPU
		Release|Any CPU = Release|Any CPU
	EndGlobalSection
	GlobalSection(ProjectConfigurationPlatforms) = postSolution
		{BF5B1BEA-A9FA-4342-85F2-62A02156EC25}.Debug|Any CPU.ActiveCfg = Debug|Any CPU
		{BF5B1BEA-A9FA-4342-85F2-62A02156EC25}.Debug|Any CPU.Build.0 = Debug|Any CPU
		{BF5B1BEA-A9FA-4342-85F2-62A02156EC25}.Release|Any CPU.ActiveCfg = Release|Any CPU
		{BF5B1BEA-A9FA-4342-85F2-62A02156EC25}.Release|Any CPU.Build.0 = Release|Any CPU
		{7FD85E54-142E-482F-9945-E736A7441A02}.Debug|Any CPU.ActiveCfg = Debug|Any CPU
		{7FD85E54-142E-482F-9945-E736A7441A02}.Debug|Any CPU.Build.0 = Debug|Any CPU
		{7FD85E54-142E-482F-9945-E736A7441A02}.Release|Any CPU.ActiveCfg = Release|Any CPU
		{7FD85E54-142E-482F-9945-E736A7441A02}.Release|Any CPU.Build.0 = Release|Any CPU
		{885AF77B-2E10-4512-89E9-70DCE2FC78CC}.Debug|Any CPU.ActiveCfg = Debug|Any CPU
		{885AF77B-2E10-4512-89E9-70DCE2FC78CC}.Debug|Any CPU.Build.0 = Debug|Any CPU
		{885AF77B-2E10-4512-89E9-70DCE2FC78CC}.Release|Any CPU.ActiveCfg = Release|Any CPU
		{885AF77B-2E10-4512-89E9-70DCE2FC78CC}.Release|Any CPU.Build.0 = Release|Any CPU
		{42BD3693-C310-4353-9C59-360B29B63922}.Debug|Any CPU.ActiveCfg = Debug|Any CPU
		{42BD3693-C310-4353-9C59-360B29B63922}.Debug|Any CPU.Build.0 = Debug|Any CPU
		{42BD3693-C310-4353-9C59-360B29B63922}.Release|Any CPU.ActiveCfg = Release|Any CPU
		{42BD3693-C310-4353-9C59-360B29B63922}.Release|Any CPU.Build.0 = Release|Any CPU
		{9602DBD1-881D-4EEC-ADBF-ABC006861CF5}.Debug|Any CPU.ActiveCfg = Debug|Any CPU
		{9602DBD1-881D-4EEC-ADBF-ABC006861CF5}.Debug|Any CPU.Build.0 = Debug|Any CPU
		{9602DBD1-881D-4EEC-ADBF-ABC006861CF5}.Release|Any CPU.ActiveCfg = Release|Any CPU
		{9602DBD1-881D-4EEC-ADBF-ABC006861CF5}.Release|Any CPU.Build.0 = Release|Any CPU
	EndGlobalSection
	GlobalSection(SolutionProperties) = preSolution
		HideSolutionNode = FALSE
	EndGlobalSection
	GlobalSection(ExtensibilityGlobals) = postSolution
		SolutionGuid = {B0805804-D4CF-4EB1-8484-ED2EDCAF6A56}
	EndGlobalSection
EndGlobal
